
Microsoft Visual Studio Solution File, Format Version 12.00
# Visual Studio Version 16
VisualStudioVersion = 16.0.30517.126
MinimumVisualStudioVersion = 10.0.40219.1
Project("{FAE04EC0-301F-11D3-BF4B-00C04F79EFBC}") = "BiometryService", "Src\BiometryService\BiometryService.csproj", "{38D70859-8CA3-4E16-B696-C5FB404B3D82}"
EndProject
Project("{FAE04EC0-301F-11D3-BF4B-00C04F79EFBC}") = "BiometryService.SampleApp", "src\BiometryService.SampleApp\BiometryService.SampleApp.csproj", "{F4FF8679-DF56-4621-BEFA-892ABCE81879}"
EndProject
Global
	GlobalSection(SolutionConfigurationPlatforms) = preSolution
		Debug|Android = Debug|Android
		Debug|Any CPU = Debug|Any CPU
		Debug|iOS = Debug|iOS
		Debug|NuGet = Debug|NuGet
		Debug|Simulator = Debug|Simulator
		Debug|UAP = Debug|UAP
		Release|Android = Release|Android
		Release|Any CPU = Release|Any CPU
		Release|iOS = Release|iOS
		Release|NuGet = Release|NuGet
		Release|Simulator = Release|Simulator
		Release|UAP = Release|UAP
		Debug|iPhoneSimulator = Debug|iPhoneSimulator
		Release|iPhoneSimulator = Release|iPhoneSimulator
		Debug|iPhone = Debug|iPhone
		Release|iPhone = Release|iPhone
	EndGlobalSection
	GlobalSection(ProjectConfigurationPlatforms) = postSolution
		{38D70859-8CA3-4E16-B696-C5FB404B3D82}.Debug|Android.ActiveCfg = Debug|Any CPU
		{38D70859-8CA3-4E16-B696-C5FB404B3D82}.Debug|Android.Build.0 = Debug|Any CPU
		{38D70859-8CA3-4E16-B696-C5FB404B3D82}.Debug|Any CPU.ActiveCfg = Debug|Any CPU
		{38D70859-8CA3-4E16-B696-C5FB404B3D82}.Debug|Any CPU.Build.0 = Debug|Any CPU
		{38D70859-8CA3-4E16-B696-C5FB404B3D82}.Debug|iOS.ActiveCfg = Debug|Any CPU
		{38D70859-8CA3-4E16-B696-C5FB404B3D82}.Debug|iOS.Build.0 = Debug|Any CPU
		{38D70859-8CA3-4E16-B696-C5FB404B3D82}.Debug|NuGet.ActiveCfg = Debug|Any CPU
		{38D70859-8CA3-4E16-B696-C5FB404B3D82}.Debug|NuGet.Build.0 = Debug|Any CPU
		{38D70859-8CA3-4E16-B696-C5FB404B3D82}.Debug|Simulator.ActiveCfg = Debug|Any CPU
		{38D70859-8CA3-4E16-B696-C5FB404B3D82}.Debug|Simulator.Build.0 = Debug|Any CPU
		{38D70859-8CA3-4E16-B696-C5FB404B3D82}.Debug|UAP.ActiveCfg = Debug|Any CPU
		{38D70859-8CA3-4E16-B696-C5FB404B3D82}.Debug|UAP.Build.0 = Debug|Any CPU
		{38D70859-8CA3-4E16-B696-C5FB404B3D82}.Release|Android.ActiveCfg = Release|Any CPU
		{38D70859-8CA3-4E16-B696-C5FB404B3D82}.Release|Android.Build.0 = Release|Any CPU
		{38D70859-8CA3-4E16-B696-C5FB404B3D82}.Release|Any CPU.ActiveCfg = Release|Any CPU
		{38D70859-8CA3-4E16-B696-C5FB404B3D82}.Release|Any CPU.Build.0 = Release|Any CPU
		{38D70859-8CA3-4E16-B696-C5FB404B3D82}.Release|iOS.ActiveCfg = Release|Any CPU
		{38D70859-8CA3-4E16-B696-C5FB404B3D82}.Release|iOS.Build.0 = Release|Any CPU
		{38D70859-8CA3-4E16-B696-C5FB404B3D82}.Release|NuGet.ActiveCfg = Release|Any CPU
		{38D70859-8CA3-4E16-B696-C5FB404B3D82}.Release|NuGet.Build.0 = Release|Any CPU
		{38D70859-8CA3-4E16-B696-C5FB404B3D82}.Release|Simulator.ActiveCfg = Release|Any CPU
		{38D70859-8CA3-4E16-B696-C5FB404B3D82}.Release|Simulator.Build.0 = Release|Any CPU
		{38D70859-8CA3-4E16-B696-C5FB404B3D82}.Release|UAP.ActiveCfg = Release|Any CPU
		{38D70859-8CA3-4E16-B696-C5FB404B3D82}.Release|UAP.Build.0 = Release|Any CPU
		{38D70859-8CA3-4E16-B696-C5FB404B3D82}.Debug|iPhoneSimulator.ActiveCfg = Debug|Any CPU
		{38D70859-8CA3-4E16-B696-C5FB404B3D82}.Debug|iPhoneSimulator.Build.0 = Debug|Any CPU
		{38D70859-8CA3-4E16-B696-C5FB404B3D82}.Release|iPhoneSimulator.ActiveCfg = Release|Any CPU
		{38D70859-8CA3-4E16-B696-C5FB404B3D82}.Release|iPhoneSimulator.Build.0 = Release|Any CPU
		{38D70859-8CA3-4E16-B696-C5FB404B3D82}.Debug|iPhone.ActiveCfg = Debug|Any CPU
		{38D70859-8CA3-4E16-B696-C5FB404B3D82}.Debug|iPhone.Build.0 = Debug|Any CPU
		{38D70859-8CA3-4E16-B696-C5FB404B3D82}.Release|iPhone.ActiveCfg = Release|Any CPU
		{38D70859-8CA3-4E16-B696-C5FB404B3D82}.Release|iPhone.Build.0 = Release|Any CPU
		{F4FF8679-DF56-4621-BEFA-892ABCE81879}.Debug|Android.ActiveCfg = Debug|iPhoneSimulator
		{F4FF8679-DF56-4621-BEFA-892ABCE81879}.Debug|Android.Build.0 = Debug|iPhoneSimulator
		{F4FF8679-DF56-4621-BEFA-892ABCE81879}.Debug|Any CPU.ActiveCfg = Debug|iPhoneSimulator
		{F4FF8679-DF56-4621-BEFA-892ABCE81879}.Debug|Any CPU.Build.0 = Debug|iPhoneSimulator
		{F4FF8679-DF56-4621-BEFA-892ABCE81879}.Debug|iOS.ActiveCfg = Debug|iPhoneSimulator
		{F4FF8679-DF56-4621-BEFA-892ABCE81879}.Debug|iOS.Build.0 = Debug|iPhoneSimulator
		{F4FF8679-DF56-4621-BEFA-892ABCE81879}.Debug|NuGet.ActiveCfg = Debug|iPhoneSimulator
		{F4FF8679-DF56-4621-BEFA-892ABCE81879}.Debug|NuGet.Build.0 = Debug|iPhoneSimulator
		{F4FF8679-DF56-4621-BEFA-892ABCE81879}.Debug|Simulator.ActiveCfg = Debug|iPhoneSimulator
		{F4FF8679-DF56-4621-BEFA-892ABCE81879}.Debug|Simulator.Build.0 = Debug|iPhoneSimulator
		{F4FF8679-DF56-4621-BEFA-892ABCE81879}.Debug|UAP.ActiveCfg = Debug|iPhoneSimulator
		{F4FF8679-DF56-4621-BEFA-892ABCE81879}.Debug|UAP.Build.0 = Debug|iPhoneSimulator
		{F4FF8679-DF56-4621-BEFA-892ABCE81879}.Release|Android.ActiveCfg = Release|iPhoneSimulator
		{F4FF8679-DF56-4621-BEFA-892ABCE81879}.Release|Android.Build.0 = Release|iPhoneSimulator
		{F4FF8679-DF56-4621-BEFA-892ABCE81879}.Release|Any CPU.ActiveCfg = Release|iPhoneSimulator
		{F4FF8679-DF56-4621-BEFA-892ABCE81879}.Release|Any CPU.Build.0 = Release|iPhoneSimulator
		{F4FF8679-DF56-4621-BEFA-892ABCE81879}.Release|iOS.ActiveCfg = Release|iPhoneSimulator
		{F4FF8679-DF56-4621-BEFA-892ABCE81879}.Release|iOS.Build.0 = Release|iPhoneSimulator
		{F4FF8679-DF56-4621-BEFA-892ABCE81879}.Release|NuGet.ActiveCfg = Release|iPhoneSimulator
		{F4FF8679-DF56-4621-BEFA-892ABCE81879}.Release|NuGet.Build.0 = Release|iPhoneSimulator
		{F4FF8679-DF56-4621-BEFA-892ABCE81879}.Release|Simulator.ActiveCfg = Release|iPhoneSimulator
		{F4FF8679-DF56-4621-BEFA-892ABCE81879}.Release|Simulator.Build.0 = Release|iPhoneSimulator
		{F4FF8679-DF56-4621-BEFA-892ABCE81879}.Release|UAP.ActiveCfg = Release|iPhoneSimulator
		{F4FF8679-DF56-4621-BEFA-892ABCE81879}.Release|UAP.Build.0 = Release|iPhoneSimulator
		{F4FF8679-DF56-4621-BEFA-892ABCE81879}.Debug|iPhoneSimulator.ActiveCfg = Debug|iPhoneSimulator
		{F4FF8679-DF56-4621-BEFA-892ABCE81879}.Debug|iPhoneSimulator.Build.0 = Debug|iPhoneSimulator
		{F4FF8679-DF56-4621-BEFA-892ABCE81879}.Release|iPhoneSimulator.ActiveCfg = Release|iPhoneSimulator
		{F4FF8679-DF56-4621-BEFA-892ABCE81879}.Release|iPhoneSimulator.Build.0 = Release|iPhoneSimulator
		{F4FF8679-DF56-4621-BEFA-892ABCE81879}.Debug|iPhone.ActiveCfg = Debug|iPhone
		{F4FF8679-DF56-4621-BEFA-892ABCE81879}.Debug|iPhone.Build.0 = Debug|iPhone
		{F4FF8679-DF56-4621-BEFA-892ABCE81879}.Release|iPhone.ActiveCfg = Release|iPhone
		{F4FF8679-DF56-4621-BEFA-892ABCE81879}.Release|iPhone.Build.0 = Release|iPhone
	EndGlobalSection
	GlobalSection(SolutionProperties) = preSolution
		HideSolutionNode = FALSE
	EndGlobalSection
	GlobalSection(ExtensibilityGlobals) = postSolution
		SolutionGuid = {466F4F5D-F314-4778-AFB5-9D7814B60E5C}
	EndGlobalSection
EndGlobal
