
Microsoft Visual Studio Solution File, Format Version 12.00
# Visual Studio Version 18
VisualStudioVersion = 18.2.11408.102
MinimumVisualStudioVersion = 10.0.40219.1
Project("{2150E333-8FDC-42A3-9474-1A3956D46DE8}") = "Samples", "Samples", "{E22802DE-B587-470A-B242-86A8E362FD4F}"
EndProject
Project("{2150E333-8FDC-42A3-9474-1A3956D46DE8}") = "Library", "Library", "{986F4BC6-3A85-44B3-9365-E9D36E3D0215}"
EndProject
Project("{9A19103F-16F7-4668-BE54-9A1E7A4F7556}") = "BiometryService.Abstractions", "src\BiometryService.Abstractions\BiometryService.Abstractions.csproj", "{47B666F9-B058-4D8F-9332-5DC1E35F7EAE}"
EndProject
Project("{9A19103F-16F7-4668-BE54-9A1E7A4F7556}") = "BiometryService", "src\BiometryService\BiometryService.csproj", "{5D64F78B-2420-4BEA-ACD7-30B3E4B4E56F}"
EndProject
Global
	GlobalSection(SolutionConfigurationPlatforms) = preSolution
		Debug|Any CPU = Debug|Any CPU
		Debug|ARM = Debug|ARM
		Debug|ARM64 = Debug|ARM64
		Debug|iOS = Debug|iOS
		Debug|iPhone = Debug|iPhone
		Debug|iPhoneSimulator = Debug|iPhoneSimulator
		Debug|NuGet = Debug|NuGet
		Debug|x64 = Debug|x64
		Debug|x86 = Debug|x86
		Release|Any CPU = Release|Any CPU
		Release|ARM = Release|ARM
		Release|ARM64 = Release|ARM64
		Release|iOS = Release|iOS
		Release|iPhone = Release|iPhone
		Release|iPhoneSimulator = Release|iPhoneSimulator
		Release|NuGet = Release|NuGet
		Release|x64 = Release|x64
		Release|x86 = Release|x86
	EndGlobalSection
	GlobalSection(ProjectConfigurationPlatforms) = postSolution
		{47B666F9-B058-4D8F-9332-5DC1E35F7EAE}.Debug|Any CPU.ActiveCfg = Debug|Any CPU
		{47B666F9-B058-4D8F-9332-5DC1E35F7EAE}.Debug|Any CPU.Build.0 = Debug|Any CPU
		{47B666F9-B058-4D8F-9332-5DC1E35F7EAE}.Debug|ARM.ActiveCfg = Debug|Any CPU
		{47B666F9-B058-4D8F-9332-5DC1E35F7EAE}.Debug|ARM.Build.0 = Debug|Any CPU
		{47B666F9-B058-4D8F-9332-5DC1E35F7EAE}.Debug|ARM64.ActiveCfg = Debug|Any CPU
		{47B666F9-B058-4D8F-9332-5DC1E35F7EAE}.Debug|ARM64.Build.0 = Debug|Any CPU
		{47B666F9-B058-4D8F-9332-5DC1E35F7EAE}.Debug|iOS.ActiveCfg = Debug|Any CPU
		{47B666F9-B058-4D8F-9332-5DC1E35F7EAE}.Debug|iOS.Build.0 = Debug|Any CPU
		{47B666F9-B058-4D8F-9332-5DC1E35F7EAE}.Debug|iPhone.ActiveCfg = Debug|Any CPU
		{47B666F9-B058-4D8F-9332-5DC1E35F7EAE}.Debug|iPhone.Build.0 = Debug|Any CPU
		{47B666F9-B058-4D8F-9332-5DC1E35F7EAE}.Debug|iPhoneSimulator.ActiveCfg = Debug|Any CPU
		{47B666F9-B058-4D8F-9332-5DC1E35F7EAE}.Debug|iPhoneSimulator.Build.0 = Debug|Any CPU
		{47B666F9-B058-4D8F-9332-5DC1E35F7EAE}.Debug|NuGet.ActiveCfg = Debug|Any CPU
		{47B666F9-B058-4D8F-9332-5DC1E35F7EAE}.Debug|NuGet.Build.0 = Debug|Any CPU
		{47B666F9-B058-4D8F-9332-5DC1E35F7EAE}.Debug|x64.ActiveCfg = Debug|Any CPU
		{47B666F9-B058-4D8F-9332-5DC1E35F7EAE}.Debug|x64.Build.0 = Debug|Any CPU
		{47B666F9-B058-4D8F-9332-5DC1E35F7EAE}.Debug|x86.ActiveCfg = Debug|Any CPU
		{47B666F9-B058-4D8F-9332-5DC1E35F7EAE}.Debug|x86.Build.0 = Debug|Any CPU
		{47B666F9-B058-4D8F-9332-5DC1E35F7EAE}.Release|Any CPU.ActiveCfg = Release|Any CPU
		{47B666F9-B058-4D8F-9332-5DC1E35F7EAE}.Release|Any CPU.Build.0 = Release|Any CPU
		{47B666F9-B058-4D8F-9332-5DC1E35F7EAE}.Release|ARM.ActiveCfg = Release|Any CPU
		{47B666F9-B058-4D8F-9332-5DC1E35F7EAE}.Release|ARM.Build.0 = Release|Any CPU
		{47B666F9-B058-4D8F-9332-5DC1E35F7EAE}.Release|ARM64.ActiveCfg = Release|Any CPU
		{47B666F9-B058-4D8F-9332-5DC1E35F7EAE}.Release|ARM64.Build.0 = Release|Any CPU
		{47B666F9-B058-4D8F-9332-5DC1E35F7EAE}.Release|iOS.ActiveCfg = Release|Any CPU
		{47B666F9-B058-4D8F-9332-5DC1E35F7EAE}.Release|iOS.Build.0 = Release|Any CPU
		{47B666F9-B058-4D8F-9332-5DC1E35F7EAE}.Release|iPhone.ActiveCfg = Release|Any CPU
		{47B666F9-B058-4D8F-9332-5DC1E35F7EAE}.Release|iPhone.Build.0 = Release|Any CPU
		{47B666F9-B058-4D8F-9332-5DC1E35F7EAE}.Release|iPhoneSimulator.ActiveCfg = Release|Any CPU
		{47B666F9-B058-4D8F-9332-5DC1E35F7EAE}.Release|iPhoneSimulator.Build.0 = Release|Any CPU
		{47B666F9-B058-4D8F-9332-5DC1E35F7EAE}.Release|NuGet.ActiveCfg = Release|Any CPU
		{47B666F9-B058-4D8F-9332-5DC1E35F7EAE}.Release|NuGet.Build.0 = Release|Any CPU
		{47B666F9-B058-4D8F-9332-5DC1E35F7EAE}.Release|x64.ActiveCfg = Release|Any CPU
		{47B666F9-B058-4D8F-9332-5DC1E35F7EAE}.Release|x64.Build.0 = Release|Any CPU
		{47B666F9-B058-4D8F-9332-5DC1E35F7EAE}.Release|x86.ActiveCfg = Release|Any CPU
		{47B666F9-B058-4D8F-9332-5DC1E35F7EAE}.Release|x86.Build.0 = Release|Any CPU
		{5D64F78B-2420-4BEA-ACD7-30B3E4B4E56F}.Debug|Any CPU.ActiveCfg = Debug|Any CPU
		{5D64F78B-2420-4BEA-ACD7-30B3E4B4E56F}.Debug|Any CPU.Build.0 = Debug|Any CPU
		{5D64F78B-2420-4BEA-ACD7-30B3E4B4E56F}.Debug|ARM.ActiveCfg = Debug|Any CPU
		{5D64F78B-2420-4BEA-ACD7-30B3E4B4E56F}.Debug|ARM.Build.0 = Debug|Any CPU
		{5D64F78B-2420-4BEA-ACD7-30B3E4B4E56F}.Debug|ARM64.ActiveCfg = Debug|Any CPU
		{5D64F78B-2420-4BEA-ACD7-30B3E4B4E56F}.Debug|ARM64.Build.0 = Debug|Any CPU
		{5D64F78B-2420-4BEA-ACD7-30B3E4B4E56F}.Debug|iOS.ActiveCfg = Debug|Any CPU
		{5D64F78B-2420-4BEA-ACD7-30B3E4B4E56F}.Debug|iOS.Build.0 = Debug|Any CPU
		{5D64F78B-2420-4BEA-ACD7-30B3E4B4E56F}.Debug|iPhone.ActiveCfg = Debug|Any CPU
		{5D64F78B-2420-4BEA-ACD7-30B3E4B4E56F}.Debug|iPhone.Build.0 = Debug|Any CPU
		{5D64F78B-2420-4BEA-ACD7-30B3E4B4E56F}.Debug|iPhoneSimulator.ActiveCfg = Debug|Any CPU
		{5D64F78B-2420-4BEA-ACD7-30B3E4B4E56F}.Debug|iPhoneSimulator.Build.0 = Debug|Any CPU
		{5D64F78B-2420-4BEA-ACD7-30B3E4B4E56F}.Debug|NuGet.ActiveCfg = Debug|Any CPU
		{5D64F78B-2420-4BEA-ACD7-30B3E4B4E56F}.Debug|NuGet.Build.0 = Debug|Any CPU
		{5D64F78B-2420-4BEA-ACD7-30B3E4B4E56F}.Debug|x64.ActiveCfg = Debug|Any CPU
		{5D64F78B-2420-4BEA-ACD7-30B3E4B4E56F}.Debug|x64.Build.0 = Debug|Any CPU
		{5D64F78B-2420-4BEA-ACD7-30B3E4B4E56F}.Debug|x86.ActiveCfg = Debug|Any CPU
		{5D64F78B-2420-4BEA-ACD7-30B3E4B4E56F}.Debug|x86.Build.0 = Debug|Any CPU
		{5D64F78B-2420-4BEA-ACD7-30B3E4B4E56F}.Release|Any CPU.ActiveCfg = Release|Any CPU
		{5D64F78B-2420-4BEA-ACD7-30B3E4B4E56F}.Release|Any CPU.Build.0 = Release|Any CPU
		{5D64F78B-2420-4BEA-ACD7-30B3E4B4E56F}.Release|ARM.ActiveCfg = Release|Any CPU
		{5D64F78B-2420-4BEA-ACD7-30B3E4B4E56F}.Release|ARM.Build.0 = Release|Any CPU
		{5D64F78B-2420-4BEA-ACD7-30B3E4B4E56F}.Release|ARM64.ActiveCfg = Release|Any CPU
		{5D64F78B-2420-4BEA-ACD7-30B3E4B4E56F}.Release|ARM64.Build.0 = Release|Any CPU
		{5D64F78B-2420-4BEA-ACD7-30B3E4B4E56F}.Release|iOS.ActiveCfg = Release|Any CPU
		{5D64F78B-2420-4BEA-ACD7-30B3E4B4E56F}.Release|iOS.Build.0 = Release|Any CPU
		{5D64F78B-2420-4BEA-ACD7-30B3E4B4E56F}.Release|iPhone.ActiveCfg = Release|Any CPU
		{5D64F78B-2420-4BEA-ACD7-30B3E4B4E56F}.Release|iPhone.Build.0 = Release|Any CPU
		{5D64F78B-2420-4BEA-ACD7-30B3E4B4E56F}.Release|iPhoneSimulator.ActiveCfg = Release|Any CPU
		{5D64F78B-2420-4BEA-ACD7-30B3E4B4E56F}.Release|iPhoneSimulator.Build.0 = Release|Any CPU
		{5D64F78B-2420-4BEA-ACD7-30B3E4B4E56F}.Release|NuGet.ActiveCfg = Release|Any CPU
		{5D64F78B-2420-4BEA-ACD7-30B3E4B4E56F}.Release|NuGet.Build.0 = Release|Any CPU
		{5D64F78B-2420-4BEA-ACD7-30B3E4B4E56F}.Release|x64.ActiveCfg = Release|Any CPU
		{5D64F78B-2420-4BEA-ACD7-30B3E4B4E56F}.Release|x64.Build.0 = Release|Any CPU
		{5D64F78B-2420-4BEA-ACD7-30B3E4B4E56F}.Release|x86.ActiveCfg = Release|Any CPU
		{5D64F78B-2420-4BEA-ACD7-30B3E4B4E56F}.Release|x86.Build.0 = Release|Any CPU
	EndGlobalSection
	GlobalSection(SolutionProperties) = preSolution
		HideSolutionNode = FALSE
	EndGlobalSection
	GlobalSection(NestedProjects) = preSolution
		{47B666F9-B058-4D8F-9332-5DC1E35F7EAE} = {986F4BC6-3A85-44B3-9365-E9D36E3D0215}
		{5D64F78B-2420-4BEA-ACD7-30B3E4B4E56F} = {986F4BC6-3A85-44B3-9365-E9D36E3D0215}
	EndGlobalSection
	GlobalSection(ExtensibilityGlobals) = postSolution
		SolutionGuid = {466F4F5D-F314-4778-AFB5-9D7814B60E5C}
	EndGlobalSection
EndGlobal
